Microsoft Visual Studio Solution File, Format Version 12.00
# Visual Studio Version 17
VisualStudioVersion = 17.5.2.0
MinimumVisualStudioVersion = 10.0.40219.1
Project("{FAE04EC0-301F-11D3-BF4B-00C04F79EFBC}") = "LibraryTS", "LibraryTS.csproj", "{B93DFAD1-9CF6-90EE-7292-E9CABB5B12B0}"
EndProject
Global
	GlobalSection(SolutionConfigurationPlatforms) = preSolution
		Debug|Any CPU = Debug|Any CPU
		Release|Any CPU = Release|Any CPU
	EndGlobalSection
	GlobalSection(ProjectConfigurationPlatforms) = postSolution
		{B93DFAD1-9CF6-90EE-7292-E9CABB5B12B0}.Debug|Any CPU.ActiveCfg = Debug|Any CPU
		{B93DFAD1-9CF6-90EE-7292-E9CABB5B12B0}.Debug|Any CPU.Build.0 = Debug|Any CPU
		{B93DFAD1-9CF6-90EE-7292-E9CABB5B12B0}.Release|Any CPU.ActiveCfg = Release|Any CPU
		{B93DFAD1-9CF6-90EE-7292-E9CABB5B12B0}.Release|Any CPU.Build.0 = Release|Any CPU
	EndGlobalSection
	GlobalSection(SolutionProperties) = preSolution
		HideSolutionNode = FALSE
	EndGlobalSection
	GlobalSection(ExtensibilityGlobals) = postSolution
<<<<<<< HEAD
		SolutionGuid = {67B52186-9059-477D-B4B2-32DAD16E46A3}
=======
		SolutionGuid = {AAF0237E-A83E-48FB-BDB1-11B5C696D7D7}
>>>>>>> test_branch
	EndGlobalSection
EndGlobal
